// !$*UTF8*$!
{
	archiveVersion = 1;
	classes = {
	};
	objectVersion = 55;
	objects = {

/* Begin PBXBuildFile section */
		B413A25B2917E182001E853D /* Lottie in Frameworks */ = {isa = PBXBuildFile; productRef = B413A25A2917E182001E853D /* Lottie */; };
		B413A2612917E4FD001E853D /* search-box-animation.json in Resources */ = {isa = PBXBuildFile; fileRef = B413A2602917E4FD001E853D /* search-box-animation.json */; };
		B413A2652917E612001E853D /* asearching-radius.json in Resources */ = {isa = PBXBuildFile; fileRef = B413A2642917E612001E853D /* asearching-radius.json */; };
		B413A269291867F3001E853D /* logo-full-animation.json in Resources */ = {isa = PBXBuildFile; fileRef = B413A268291867F3001E853D /* logo-full-animation.json */; };
		B413A26B2918687F001E853D /* logo-rotate-orange-animation.json in Resources */ = {isa = PBXBuildFile; fileRef = B413A26A2918687F001E853D /* logo-rotate-orange-animation.json */; };
		B49D245C2912A4B300BBA831 /* SearchCollectionViewCell.swift in Sources */ = {isa = PBXBuildFile; fileRef = B49D245B2912A4B300BBA831 /* SearchCollectionViewCell.swift */; };
		B4E24037290FC745001FFD13 /* AppDelegate.swift in Sources */ = {isa = PBXBuildFile; fileRef = B4E24036290FC745001FFD13 /* AppDelegate.swift */; };
		B4E24039290FC745001FFD13 /* SceneDelegate.swift in Sources */ = {isa = PBXBuildFile; fileRef = B4E24038290FC745001FFD13 /* SceneDelegate.swift */; };
		B4E2403B290FC745001FFD13 /* SearchViewController.swift in Sources */ = {isa = PBXBuildFile; fileRef = B4E2403A290FC745001FFD13 /* SearchViewController.swift */; };
		B4E24040290FC748001FFD13 /* Assets.xcassets in Resources */ = {isa = PBXBuildFile; fileRef = B4E2403F290FC748001FFD13 /* Assets.xcassets */; };
		B4E24043290FC748001FFD13 /* LaunchScreen.storyboard in Resources */ = {isa = PBXBuildFile; fileRef = B4E24041290FC748001FFD13 /* LaunchScreen.storyboard */; };
		B4E24059290FD672001FFD13 /* DataRequest.swift in Sources */ = {isa = PBXBuildFile; fileRef = B4E24058290FD672001FFD13 /* DataRequest.swift */; };
		B4E2405B290FD6D8001FFD13 /* NetworkService.swift in Sources */ = {isa = PBXBuildFile; fileRef = B4E2405A290FD6D8001FFD13 /* NetworkService.swift */; };
		B4E2405D290FD7BE001FFD13 /* ErrorHandler.swift in Sources */ = {isa = PBXBuildFile; fileRef = B4E2405C290FD7BE001FFD13 /* ErrorHandler.swift */; };
		B4E2405F290FD7E9001FFD13 /* SearchCompanyRequest.swift in Sources */ = {isa = PBXBuildFile; fileRef = B4E2405E290FD7E9001FFD13 /* SearchCompanyRequest.swift */; };
		B4E24062290FD87E001FFD13 /* SearchCompanyResponse.swift in Sources */ = {isa = PBXBuildFile; fileRef = B4E24061290FD87E001FFD13 /* SearchCompanyResponse.swift */; };
		B4E24069291018D2001FFD13 /* SearchCompanyViewModel.swift in Sources */ = {isa = PBXBuildFile; fileRef = B4E24068291018D2001FFD13 /* SearchCompanyViewModel.swift */; };
		B4E2406C29101FEF001FFD13 /* SnapKit in Frameworks */ = {isa = PBXBuildFile; productRef = B4E2406B29101FEF001FFD13 /* SnapKit */; };
/* End PBXBuildFile section */

/* Begin PBXFileReference section */
		B413A2602917E4FD001E853D /* search-box-animation.json */ = {isa = PBXFileReference; fileEncoding = 4; lastKnownFileType = text.json; path = "search-box-animation.json"; sourceTree = "<group>"; };
		B413A2642917E612001E853D /* asearching-radius.json */ = {isa = PBXFileReference; fileEncoding = 4; lastKnownFileType = text.json; path = "asearching-radius.json"; sourceTree = "<group>"; };
		B413A268291867F3001E853D /* logo-full-animation.json */ = {isa = PBXFileReference; fileEncoding = 4; lastKnownFileType = text.json; name = "logo-full-animation.json"; path = "../../../../../../Desktop/logo-full-animation.json"; sourceTree = "<group>"; };
		B413A26A2918687F001E853D /* logo-rotate-orange-animation.json */ = {isa = PBXFileReference; fileEncoding = 4; lastKnownFileType = text.json; path = "logo-rotate-orange-animation.json"; sourceTree = "<group>"; };
		B49D245B2912A4B300BBA831 /* SearchCollectionViewCell.swift */ = {isa = PBXFileReference; lastKnownFileType = sourcecode.swift; path = SearchCollectionViewCell.swift; sourceTree = "<group>"; };
		B4E24033290FC745001FFD13 /* wce.app */ = {isa = PBXFileReference; explicitFileType = wrapper.application; includeInIndex = 0; path = wce.app; sourceTree = BUILT_PRODUCTS_DIR; };
		B4E24036290FC745001FFD13 /* AppDelegate.swift */ = {isa = PBXFileReference; lastKnownFileType = sourcecode.swift; path = AppDelegate.swift; sourceTree = "<group>"; };
		B4E24038290FC745001FFD13 /* SceneDelegate.swift */ = {isa = PBXFileReference; lastKnownFileType = sourcecode.swift; path = SceneDelegate.swift; sourceTree = "<group>"; };
		B4E2403A290FC745001FFD13 /* SearchViewController.swift */ = {isa = PBXFileReference; lastKnownFileType = sourcecode.swift; path = SearchViewController.swift; sourceTree = "<group>"; };
		B4E2403F290FC748001FFD13 /* Assets.xcassets */ = {isa = PBXFileReference; lastKnownFileType = folder.assetcatalog; path = Assets.xcassets; sourceTree = "<group>"; };
		B4E24042290FC748001FFD13 /* Base */ = {isa = PBXFileReference; lastKnownFileType = file.storyboard; name = Base; path = Base.lproj/LaunchScreen.storyboard; sourceTree = "<group>"; };
		B4E24044290FC748001FFD13 /* Info.plist */ = {isa = PBXFileReference; lastKnownFileType = text.plist.xml; path = Info.plist; sourceTree = "<group>"; };
		B4E24058290FD672001FFD13 /* DataRequest.swift */ = {isa = PBXFileReference; lastKnownFileType = sourcecode.swift; path = DataRequest.swift; sourceTree = "<group>"; };
		B4E2405A290FD6D8001FFD13 /* NetworkService.swift */ = {isa = PBXFileReference; lastKnownFileType = sourcecode.swift; path = NetworkService.swift; sourceTree = "<group>"; };
		B4E2405C290FD7BE001FFD13 /* ErrorHandler.swift */ = {isa = PBXFileReference; lastKnownFileType = sourcecode.swift; path = ErrorHandler.swift; sourceTree = "<group>"; };
		B4E2405E290FD7E9001FFD13 /* SearchCompanyRequest.swift */ = {isa = PBXFileReference; lastKnownFileType = sourcecode.swift; path = SearchCompanyRequest.swift; sourceTree = "<group>"; };
		B4E24061290FD87E001FFD13 /* SearchCompanyResponse.swift */ = {isa = PBXFileReference; lastKnownFileType = sourcecode.swift; path = SearchCompanyResponse.swift; sourceTree = "<group>"; };
		B4E24068291018D2001FFD13 /* SearchCompanyViewModel.swift */ = {isa = PBXFileReference; lastKnownFileType = sourcecode.swift; path = SearchCompanyViewModel.swift; sourceTree = "<group>"; };
/* End PBXFileReference section */

/* Begin PBXFrameworksBuildPhase section */
		B4E24030290FC745001FFD13 /* Frameworks */ = {
			isa = PBXFrameworksBuildPhase;
			buildActionMask = 2147483647;
			files = (
				B4E2406C29101FEF001FFD13 /* SnapKit in Frameworks */,
				B413A25B2917E182001E853D /* Lottie in Frameworks */,
			);
			runOnlyForDeploymentPostprocessing = 0;
		};
/* End PBXFrameworksBuildPhase section */

/* Begin PBXGroup section */
		B413A2582917C79F001E853D /* Extension */ = {
			isa = PBXGroup;
			children = (
			);
			path = Extension;
			sourceTree = "<group>";
		};
		B413A25C2917E190001E853D /* Resources */ = {
			isa = PBXGroup;
			children = (
				B413A25D2917E198001E853D /* lottie-animations */,
			);
			path = Resources;
			sourceTree = "<group>";
		};
		B413A25D2917E198001E853D /* lottie-animations */ = {
			isa = PBXGroup;
			children = (
				B413A2602917E4FD001E853D /* search-box-animation.json */,
				B413A2642917E612001E853D /* asearching-radius.json */,
				B413A268291867F3001E853D /* logo-full-animation.json */,
				B413A26A2918687F001E853D /* logo-rotate-orange-animation.json */,
			);
			path = "lottie-animations";
			sourceTree = "<group>";
		};
		B4E2402A290FC745001FFD13 = {
			isa = PBXGroup;
			children = (
				B4E24035290FC745001FFD13 /* wce */,
				B4E24034290FC745001FFD13 /* Products */,
			);
			sourceTree = "<group>";
		};
		B4E24034290FC745001FFD13 /* Products */ = {
			isa = PBXGroup;
			children = (
				B4E24033290FC745001FFD13 /* wce.app */,
			);
			name = Products;
			sourceTree = "<group>";
		};
		B4E24035290FC745001FFD13 /* wce */ = {
			isa = PBXGroup;
			children = (
				B413A25C2917E190001E853D /* Resources */,
				B413A2582917C79F001E853D /* Extension */,
				B4E24056290FD64F001FFD13 /* Network */,
				B4E24060290FD867001FFD13 /* Model */,
				B4E240652910185E001FFD13 /* View */,
				B4E240642910184D001FFD13 /* ViewModel */,
				B4E2406629101865001FFD13 /* ViewController */,
				B4E240672910189F001FFD13 /* App */,
				B4E2403F290FC748001FFD13 /* Assets.xcassets */,
				B4E24041290FC748001FFD13 /* LaunchScreen.storyboard */,
				B4E24044290FC748001FFD13 /* Info.plist */,
			);
			path = wce;
			sourceTree = "<group>";
		};
		B4E24056290FD64F001FFD13 /* Network */ = {
			isa = PBXGroup;
			children = (
				B4E2405A290FD6D8001FFD13 /* NetworkService.swift */,
				B4E24058290FD672001FFD13 /* DataRequest.swift */,
				B4E2405C290FD7BE001FFD13 /* ErrorHandler.swift */,
				B4E24057290FD65D001FFD13 /* Request */,
			);
			path = Network;
			sourceTree = "<group>";
		};
		B4E24057290FD65D001FFD13 /* Request */ = {
			isa = PBXGroup;
			children = (
				B4E2405E290FD7E9001FFD13 /* SearchCompanyRequest.swift */,
			);
			path = Request;
			sourceTree = "<group>";
		};
		B4E24060290FD867001FFD13 /* Model */ = {
			isa = PBXGroup;
			children = (
				B4E24061290FD87E001FFD13 /* SearchCompanyResponse.swift */,
			);
			path = Model;
			sourceTree = "<group>";
		};
		B4E240642910184D001FFD13 /* ViewModel */ = {
			isa = PBXGroup;
			children = (
				B4E24068291018D2001FFD13 /* SearchCompanyViewModel.swift */,
			);
			path = ViewModel;
			sourceTree = "<group>";
		};
		B4E240652910185E001FFD13 /* View */ = {
			isa = PBXGroup;
			children = (
				B49D245B2912A4B300BBA831 /* SearchCollectionViewCell.swift */,
			);
			path = View;
			sourceTree = "<group>";
		};
		B4E2406629101865001FFD13 /* ViewController */ = {
			isa = PBXGroup;
			children = (
				B4E2403A290FC745001FFD13 /* SearchViewController.swift */,
			);
			path = ViewController;
			sourceTree = "<group>";
		};
		B4E240672910189F001FFD13 /* App */ = {
			isa = PBXGroup;
			children = (
				B4E24036290FC745001FFD13 /* AppDelegate.swift */,
				B4E24038290FC745001FFD13 /* SceneDelegate.swift */,
			);
			path = App;
			sourceTree = "<group>";
		};
/* End PBXGroup section */

/* Begin PBXNativeTarget section */
		B4E24032290FC745001FFD13 /* wce */ = {
			isa = PBXNativeTarget;
			buildConfigurationList = B4E24047290FC748001FFD13 /* Build configuration list for PBXNativeTarget "wce" */;
			buildPhases = (
				B4E2402F290FC745001FFD13 /* Sources */,
				B4E24030290FC745001FFD13 /* Frameworks */,
				B4E24031290FC745001FFD13 /* Resources */,
			);
			buildRules = (
			);
			dependencies = (
			);
			name = wce;
			packageProductDependencies = (
				B4E2406B29101FEF001FFD13 /* SnapKit */,
				B413A25A2917E182001E853D /* Lottie */,
			);
			productName = wce;
			productReference = B4E24033290FC745001FFD13 /* wce.app */;
			productType = "com.apple.product-type.application";
		};
/* End PBXNativeTarget section */

/* Begin PBXProject section */
		B4E2402B290FC745001FFD13 /* Project object */ = {
			isa = PBXProject;
			attributes = {
				BuildIndependentTargetsInParallel = 1;
				LastSwiftUpdateCheck = 1340;
				LastUpgradeCheck = 1340;
				TargetAttributes = {
					B4E24032290FC745001FFD13 = {
						CreatedOnToolsVersion = 13.4.1;
					};
				};
			};
			buildConfigurationList = B4E2402E290FC745001FFD13 /* Build configuration list for PBXProject "wce" */;
			compatibilityVersion = "Xcode 13.0";
			developmentRegion = en;
			hasScannedForEncodings = 0;
			knownRegions = (
				en,
				Base,
			);
			mainGroup = B4E2402A290FC745001FFD13;
			packageReferences = (
				B4E2406A29101FEF001FFD13 /* XCRemoteSwiftPackageReference "SnapKit" */,
				B413A2592917E182001E853D /* XCRemoteSwiftPackageReference "lottie-ios" */,
			);
			productRefGroup = B4E24034290FC745001FFD13 /* Products */;
			projectDirPath = "";
			projectRoot = "";
			targets = (
				B4E24032290FC745001FFD13 /* wce */,
			);
		};
/* End PBXProject section */

/* Begin PBXResourcesBuildPhase section */
		B4E24031290FC745001FFD13 /* Resources */ = {
			isa = PBXResourcesBuildPhase;
			buildActionMask = 2147483647;
			files = (
				B413A2612917E4FD001E853D /* search-box-animation.json in Resources */,
				B413A269291867F3001E853D /* logo-full-animation.json in Resources */,
				B413A26B2918687F001E853D /* logo-rotate-orange-animation.json in Resources */,
				B413A2652917E612001E853D /* asearching-radius.json in Resources */,
				B4E24043290FC748001FFD13 /* LaunchScreen.storyboard in Resources */,
				B4E24040290FC748001FFD13 /* Assets.xcassets in Resources */,
			);
			runOnlyForDeploymentPostprocessing = 0;
		};
/* End PBXResourcesBuildPhase section */

/* Begin PBXSourcesBuildPhase section */
		B4E2402F290FC745001FFD13 /* Sources */ = {
			isa = PBXSourcesBuildPhase;
			buildActionMask = 2147483647;
			files = (
				B4E2405B290FD6D8001FFD13 /* NetworkService.swift in Sources */,
				B4E2403B290FC745001FFD13 /* SearchViewController.swift in Sources */,
				B4E24062290FD87E001FFD13 /* SearchCompanyResponse.swift in Sources */,
				B4E24037290FC745001FFD13 /* AppDelegate.swift in Sources */,
				B49D245C2912A4B300BBA831 /* SearchCollectionViewCell.swift in Sources */,
				B4E2405D290FD7BE001FFD13 /* ErrorHandler.swift in Sources */,
				B4E24039290FC745001FFD13 /* SceneDelegate.swift in Sources */,
				B4E24059290FD672001FFD13 /* DataRequest.swift in Sources */,
				B4E24069291018D2001FFD13 /* SearchCompanyViewModel.swift in Sources */,
				B4E2405F290FD7E9001FFD13 /* SearchCompanyRequest.swift in Sources */,
			);
			runOnlyForDeploymentPostprocessing = 0;
		};
/* End PBXSourcesBuildPhase section */

/* Begin PBXVariantGroup section */
		B4E24041290FC748001FFD13 /* LaunchScreen.storyboard */ = {
			isa = PBXVariantGroup;
			children = (
				B4E24042290FC748001FFD13 /* Base */,
			);
			name = LaunchScreen.storyboard;
			sourceTree = "<group>";
		};
/* End PBXVariantGroup section */

/* Begin XCBuildConfiguration section */
		B4E24045290FC748001FFD13 /* Debug */ = {
			isa = XCBuildConfiguration;
			buildSettings = {
				ALWAYS_SEARCH_USER_PATHS = NO;
				CLANG_ANALYZER_NONNULL = YES;
				CLANG_ANALYZER_NUMBER_OBJECT_CONVERSION = YES_AGGRESSIVE;
				CLANG_CXX_LANGUAGE_STANDARD = "gnu++17";
				CLANG_ENABLE_MODULES = YES;
				CLANG_ENABLE_OBJC_ARC = YES;
				CLANG_ENABLE_OBJC_WEAK = YES;
				CLANG_WARN_BLOCK_CAPTURE_AUTORELEASING = YES;
				CLANG_WARN_BOOL_CONVERSION = YES;
				CLANG_WARN_COMMA = YES;
				CLANG_WARN_CONSTANT_CONVERSION = YES;
				CLANG_WARN_DEPRECATED_OBJC_IMPLEMENTATIONS = YES;
				CLANG_WARN_DIRECT_OBJC_ISA_USAGE = YES_ERROR;
				CLANG_WARN_DOCUMENTATION_COMMENTS = YES;
				CLANG_WARN_EMPTY_BODY = YES;
				CLANG_WARN_ENUM_CONVERSION = YES;
				CLANG_WARN_INFINITE_RECURSION = YES;
				CLANG_WARN_INT_CONVERSION = YES;
				CLANG_WARN_NON_LITERAL_NULL_CONVERSION = YES;
				CLANG_WARN_OBJC_IMPLICIT_RETAIN_SELF = YES;
				CLANG_WARN_OBJC_LITERAL_CONVERSION = YES;
				CLANG_WARN_OBJC_ROOT_CLASS = YES_ERROR;
				CLANG_WARN_QUOTED_INCLUDE_IN_FRAMEWORK_HEADER = YES;
				CLANG_WARN_RANGE_LOOP_ANALYSIS = YES;
				CLANG_WARN_STRICT_PROTOTYPES = YES;
				CLANG_WARN_SUSPICIOUS_MOVE = YES;
				CLANG_WARN_UNGUARDED_AVAILABILITY = YES_AGGRESSIVE;
				CLANG_WARN_UNREACHABLE_CODE = YES;
				CLANG_WARN__DUPLICATE_METHOD_MATCH = YES;
				COPY_PHASE_STRIP = NO;
				DEBUG_INFORMATION_FORMAT = dwarf;
				ENABLE_STRICT_OBJC_MSGSEND = YES;
				ENABLE_TESTABILITY = YES;
				GCC_C_LANGUAGE_STANDARD = gnu11;
				GCC_DYNAMIC_NO_PIC = NO;
				GCC_NO_COMMON_BLOCKS = YES;
				GCC_OPTIMIZATION_LEVEL = 0;
				GCC_PREPROCESSOR_DEFINITIONS = (
					"DEBUG=1",
					"$(inherited)",
				);
				GCC_WARN_64_TO_32_BIT_CONVERSION = YES;
				GCC_WARN_ABOUT_RETURN_TYPE = YES_ERROR;
				GCC_WARN_UNDECLARED_SELECTOR = YES;
				GCC_WARN_UNINITIALIZED_AUTOS = YES_AGGRESSIVE;
				GCC_WARN_UNUSED_FUNCTION = YES;
				GCC_WARN_UNUSED_VARIABLE = YES;
				IPHONEOS_DEPLOYMENT_TARGET = 13.0;
				MTL_ENABLE_DEBUG_INFO = INCLUDE_SOURCE;
				MTL_FAST_MATH = YES;
				ONLY_ACTIVE_ARCH = YES;
				SDKROOT = iphoneos;
				SWIFT_ACTIVE_COMPILATION_CONDITIONS = DEBUG;
				SWIFT_OPTIMIZATION_LEVEL = "-Onone";
			};
			name = Debug;
		};
		B4E24046290FC748001FFD13 /* Release */ = {
			isa = XCBuildConfiguration;
			buildSettings = {
				ALWAYS_SEARCH_USER_PATHS = NO;
				CLANG_ANALYZER_NONNULL = YES;
				CLANG_ANALYZER_NUMBER_OBJECT_CONVERSION = YES_AGGRESSIVE;
				CLANG_CXX_LANGUAGE_STANDARD = "gnu++17";
				CLANG_ENABLE_MODULES = YES;
				CLANG_ENABLE_OBJC_ARC = YES;
				CLANG_ENABLE_OBJC_WEAK = YES;
				CLANG_WARN_BLOCK_CAPTURE_AUTORELEASING = YES;
				CLANG_WARN_BOOL_CONVERSION = YES;
				CLANG_WARN_COMMA = YES;
				CLANG_WARN_CONSTANT_CONVERSION = YES;
				CLANG_WARN_DEPRECATED_OBJC_IMPLEMENTATIONS = YES;
				CLANG_WARN_DIRECT_OBJC_ISA_USAGE = YES_ERROR;
				CLANG_WARN_DOCUMENTATION_COMMENTS = YES;
				CLANG_WARN_EMPTY_BODY = YES;
				CLANG_WARN_ENUM_CONVERSION = YES;
				CLANG_WARN_INFINITE_RECURSION = YES;
				CLANG_WARN_INT_CONVERSION = YES;
				CLANG_WARN_NON_LITERAL_NULL_CONVERSION = YES;
				CLANG_WARN_OBJC_IMPLICIT_RETAIN_SELF = YES;
				CLANG_WARN_OBJC_LITERAL_CONVERSION = YES;
				CLANG_WARN_OBJC_ROOT_CLASS = YES_ERROR;
				CLANG_WARN_QUOTED_INCLUDE_IN_FRAMEWORK_HEADER = YES;
				CLANG_WARN_RANGE_LOOP_ANALYSIS = YES;
				CLANG_WARN_STRICT_PROTOTYPES = YES;
				CLANG_WARN_SUSPICIOUS_MOVE = YES;
				CLANG_WARN_UNGUARDED_AVAILABILITY = YES_AGGRESSIVE;
				CLANG_WARN_UNREACHABLE_CODE = YES;
				CLANG_WARN__DUPLICATE_METHOD_MATCH = YES;
				COPY_PHASE_STRIP = NO;
				DEBUG_INFORMATION_FORMAT = "dwarf-with-dsym";
				ENABLE_NS_ASSERTIONS = NO;
				ENABLE_STRICT_OBJC_MSGSEND = YES;
				GCC_C_LANGUAGE_STANDARD = gnu11;
				GCC_NO_COMMON_BLOCKS = YES;
				GCC_WARN_64_TO_32_BIT_CONVERSION = YES;
				GCC_WARN_ABOUT_RETURN_TYPE = YES_ERROR;
				GCC_WARN_UNDECLARED_SELECTOR = YES;
				GCC_WARN_UNINITIALIZED_AUTOS = YES_AGGRESSIVE;
				GCC_WARN_UNUSED_FUNCTION = YES;
				GCC_WARN_UNUSED_VARIABLE = YES;
				IPHONEOS_DEPLOYMENT_TARGET = 13.0;
				MTL_ENABLE_DEBUG_INFO = NO;
				MTL_FAST_MATH = YES;
				SDKROOT = iphoneos;
				SWIFT_COMPILATION_MODE = wholemodule;
				SWIFT_OPTIMIZATION_LEVEL = "-O";
				VALIDATE_PRODUCT = YES;
			};
			name = Release;
		};
		B4E24048290FC748001FFD13 /* Debug */ = {
			isa = XCBuildConfiguration;
			buildSettings = {
				ASSETCATALOG_COMPILER_APPICON_NAME = AppIcon;
				ASSETCATALOG_COMPILER_GLOBAL_ACCENT_COLOR_NAME = AccentColor;
				CODE_SIGN_STYLE = Automatic;
				CURRENT_PROJECT_VERSION = 1;
				DEVELOPMENT_TEAM = 7DVHVGQ6NV;
				GENERATE_INFOPLIST_FILE = YES;
				INFOPLIST_FILE = wce/Info.plist;
				INFOPLIST_KEY_UIApplicationSupportsIndirectInputEvents = YES;
				INFOPLIST_KEY_UILaunchStoryboardName = LaunchScreen;
				INFOPLIST_KEY_UISupportedInterfaceOrientations_iPad = "UIInterfaceOrientationPortrait UIInterfaceOrientationPortraitUpsideDown UIInterfaceOrientationLandscapeLeft UIInterfaceOrientationLandscapeRight";
				INFOPLIST_KEY_UISupportedInterfaceOrientations_iPhone = "UIInterfaceOrientationPortrait UIInterfaceOrientationLandscapeLeft UIInterfaceOrientationLandscapeRight";
				LD_RUNPATH_SEARCH_PATHS = (
					"$(inherited)",
					"@executable_path/Frameworks",
				);
				MARKETING_VERSION = 1.0;
				PRODUCT_BUNDLE_IDENTIFIER = com.canbaba.wce;
				PRODUCT_NAME = "$(TARGET_NAME)";
				SWIFT_EMIT_LOC_STRINGS = YES;
				SWIFT_VERSION = 5.0;
				TARGETED_DEVICE_FAMILY = "1,2";
			};
			name = Debug;
		};
		B4E24049290FC748001FFD13 /* Release */ = {
			isa = XCBuildConfiguration;
			buildSettings = {
				ASSETCATALOG_COMPILER_APPICON_NAME = AppIcon;
				ASSETCATALOG_COMPILER_GLOBAL_ACCENT_COLOR_NAME = AccentColor;
				CODE_SIGN_STYLE = Automatic;
				CURRENT_PROJECT_VERSION = 1;
				DEVELOPMENT_TEAM = 7DVHVGQ6NV;
				GENERATE_INFOPLIST_FILE = YES;
				INFOPLIST_FILE = wce/Info.plist;
				INFOPLIST_KEY_UIApplicationSupportsIndirectInputEvents = YES;
				INFOPLIST_KEY_UILaunchStoryboardName = LaunchScreen;
				INFOPLIST_KEY_UISupportedInterfaceOrientations_iPad = "UIInterfaceOrientationPortrait UIInterfaceOrientationPortraitUpsideDown UIInterfaceOrientationLandscapeLeft UIInterfaceOrientationLandscapeRight";
				INFOPLIST_KEY_UISupportedInterfaceOrientations_iPhone = "UIInterfaceOrientationPortrait UIInterfaceOrientationLandscapeLeft UIInterfaceOrientationLandscapeRight";
				LD_RUNPATH_SEARCH_PATHS = (
					"$(inherited)",
					"@executable_path/Frameworks",
				);
				MARKETING_VERSION = 1.0;
				PRODUCT_BUNDLE_IDENTIFIER = com.canbaba.wce;
				PRODUCT_NAME = "$(TARGET_NAME)";
				SWIFT_EMIT_LOC_STRINGS = YES;
				SWIFT_VERSION = 5.0;
				TARGETED_DEVICE_FAMILY = "1,2";
			};
			name = Release;
		};
/* End XCBuildConfiguration section */

/* Begin XCConfigurationList section */
		B4E2402E290FC745001FFD13 /* Build configuration list for PBXProject "wce" */ = {
			isa = XCConfigurationList;
			buildConfigurations = (
				B4E24045290FC748001FFD13 /* Debug */,
				B4E24046290FC748001FFD13 /* Release */,
			);
			defaultConfigurationIsVisible = 0;
			defaultConfigurationName = Release;
		};
		B4E24047290FC748001FFD13 /* Build configuration list for PBXNativeTarget "wce" */ = {
			isa = XCConfigurationList;
			buildConfigurations = (
				B4E24048290FC748001FFD13 /* Debug */,
				B4E24049290FC748001FFD13 /* Release */,
			);
			defaultConfigurationIsVisible = 0;
			defaultConfigurationName = Release;
		};
/* End XCConfigurationList section */

/* Begin XCRemoteSwiftPackageReference section */
		B413A2592917E182001E853D /* XCRemoteSwiftPackageReference "lottie-ios" */ = {
			isa = XCRemoteSwiftPackageReference;
			repositoryURL = "https://github.com/airbnb/lottie-ios.git";
			requirement = {
				kind = upToNextMajorVersion;
				minimumVersion = 3.0.0;
			};
		};
		B4E2406A29101FEF001FFD13 /* XCRemoteSwiftPackageReference "SnapKit" */ = {
			isa = XCRemoteSwiftPackageReference;
			repositoryURL = "https://github.com/SnapKit/SnapKit.git";
			requirement = {
				kind = upToNextMajorVersion;
				minimumVersion = 5.0.1;
			};
		};
/* End XCRemoteSwiftPackageReference section */

/* Begin XCSwiftPackageProductDependency section */
		B413A25A2917E182001E853D /* Lottie */ = {
			isa = XCSwiftPackageProductDependency;
			package = B413A2592917E182001E853D /* XCRemoteSwiftPackageReference "lottie-ios" */;
			productName = Lottie;
		};
		B4E2406B29101FEF001FFD13 /* SnapKit */ = {
			isa = XCSwiftPackageProductDependency;
			package = B4E2406A29101FEF001FFD13 /* XCRemoteSwiftPackageReference "SnapKit" */;
			productName = SnapKit;
		};
/* End XCSwiftPackageProductDependency section */
	};
	rootObject = B4E2402B290FC745001FFD13 /* Project object */;
}
